
Microsoft Visual Studio Solution File, Format Version 12.00
# Visual Studio Version 17
VisualStudioVersion = 17.11.35312.102
MinimumVisualStudioVersion = 10.0.40219.1
Project("{9A19103F-16F7-4668-BE54-9A1E7A4F7556}") = "InventoryManagementSystem", "InventoryManagementSystem\InventoryManagementSystem.csproj", "{FAA86CEC-B57F-486C-BAED-0CBB7CA9218B}"
EndProject
Project("{9A19103F-16F7-4668-BE54-9A1E7A4F7556}") = "IMS_Services", "IMS_Services\IMS_Services.csproj", "{BD67A775-368E-405B-A778-594DB472918A}"
EndProject
Project("{FAE04EC0-301F-11D3-BF4B-00C04F79EFBC}") = "BayonFramework", "BayonFramework\BayonFramework.csproj", "{B08920C4-027A-4A10-B178-701505FAEE4E}"
EndProject
Project("{FAE04EC0-301F-11D3-BF4B-00C04F79EFBC}") = "DatabaseToolVersion2", "DatabaseToolVersion2\DatabaseToolVersion2.csproj", "{CCC64E62-4D65-4856-8C56-6BDDA83C9864}"
EndProject
Project("{54435603-DBB4-11D2-8724-00A0C9A8B90C}") = "IMS-M3G25-V2-Setup", "IMS-M3G25-V2-Setup\IMS-M3G25-V2-Setup.vdproj", "{073A69C4-ADD8-4EB1-835A-EE7A8D39D07F}"
EndProject
Global
	GlobalSection(SolutionConfigurationPlatforms) = preSolution
		Debug|Any CPU = Debug|Any CPU
		Release|Any CPU = Release|Any CPU
	EndGlobalSection
	GlobalSection(ProjectConfigurationPlatforms) = postSolution
		{FAA86CEC-B57F-486C-BAED-0CBB7CA9218B}.Debug|Any CPU.ActiveCfg = Debug|Any CPU
		{FAA86CEC-B57F-486C-BAED-0CBB7CA9218B}.Debug|Any CPU.Build.0 = Debug|Any CPU
		{FAA86CEC-B57F-486C-BAED-0CBB7CA9218B}.Release|Any CPU.ActiveCfg = Release|Any CPU
		{FAA86CEC-B57F-486C-BAED-0CBB7CA9218B}.Release|Any CPU.Build.0 = Release|Any CPU
		{BD67A775-368E-405B-A778-594DB472918A}.Debug|Any CPU.ActiveCfg = Debug|Any CPU
		{BD67A775-368E-405B-A778-594DB472918A}.Debug|Any CPU.Build.0 = Debug|Any CPU
		{BD67A775-368E-405B-A778-594DB472918A}.Release|Any CPU.ActiveCfg = Release|Any CPU
		{BD67A775-368E-405B-A778-594DB472918A}.Release|Any CPU.Build.0 = Release|Any CPU
		{B08920C4-027A-4A10-B178-701505FAEE4E}.Debug|Any CPU.ActiveCfg = Debug|Any CPU
		{B08920C4-027A-4A10-B178-701505FAEE4E}.Debug|Any CPU.Build.0 = Debug|Any CPU
		{B08920C4-027A-4A10-B178-701505FAEE4E}.Release|Any CPU.ActiveCfg = Release|Any CPU
		{B08920C4-027A-4A10-B178-701505FAEE4E}.Release|Any CPU.Build.0 = Release|Any CPU
		{CCC64E62-4D65-4856-8C56-6BDDA83C9864}.Debug|Any CPU.ActiveCfg = Debug|Any CPU
		{CCC64E62-4D65-4856-8C56-6BDDA83C9864}.Debug|Any CPU.Build.0 = Debug|Any CPU
		{CCC64E62-4D65-4856-8C56-6BDDA83C9864}.Release|Any CPU.ActiveCfg = Release|Any CPU
		{CCC64E62-4D65-4856-8C56-6BDDA83C9864}.Release|Any CPU.Build.0 = Release|Any CPU
		{073A69C4-ADD8-4EB1-835A-EE7A8D39D07F}.Debug|Any CPU.ActiveCfg = Debug
		{073A69C4-ADD8-4EB1-835A-EE7A8D39D07F}.Release|Any CPU.ActiveCfg = Release
	EndGlobalSection
	GlobalSection(SolutionProperties) = preSolution
		HideSolutionNode = FALSE
	EndGlobalSection
	GlobalSection(ExtensibilityGlobals) = postSolution
		SolutionGuid = {3564600C-4E86-41F4-BFCA-FFC24BA410B2}
	EndGlobalSection
EndGlobal
